
Microsoft Visual Studio Solution File, Format Version 12.00
# Visual Studio Version 17
VisualStudioVersion = 17.8.34330.188
MinimumVisualStudioVersion = 10.0.40219.1
Project("{FAE04EC0-301F-11D3-BF4B-00C04F79EFBC}") = "PruebaCrudMVC", "PruebaCrudMVC\PruebaCrudMVC.csproj", "{145B7F33-A0D4-48A7-9403-CDAA71564292}"
EndProject
Global
	GlobalSection(SolutionConfigurationPlatforms) = preSolution
		Debug|Any CPU = Debug|Any CPU
		Release|Any CPU = Release|Any CPU
	EndGlobalSection
	GlobalSection(ProjectConfigurationPlatforms) = postSolution
		{145B7F33-A0D4-48A7-9403-CDAA71564292}.Debug|Any CPU.ActiveCfg = Debug|Any CPU
		{145B7F33-A0D4-48A7-9403-CDAA71564292}.Debug|Any CPU.Build.0 = Debug|Any CPU
		{145B7F33-A0D4-48A7-9403-CDAA71564292}.Release|Any CPU.ActiveCfg = Release|Any CPU
		{145B7F33-A0D4-48A7-9403-CDAA71564292}.Release|Any CPU.Build.0 = Release|Any CPU
	EndGlobalSection
	GlobalSection(SolutionProperties) = preSolution
		HideSolutionNode = FALSE
	EndGlobalSection
	GlobalSection(ExtensibilityGlobals) = postSolution
		SolutionGuid = {A4B8E732-DC59-4D2B-A931-3D5BA92AB183}
	EndGlobalSection
EndGlobal
